
Microsoft Visual Studio Solution File, Format Version 12.00
# Visual Studio 15
VisualStudioVersion = 15.0.27703.2000
MinimumVisualStudioVersion = 10.0.40219.1
Project("{FAE04EC0-301F-11D3-BF4B-00C04F79EFBC}") = "JWTToken.WebApi", "JWTToken.WebApi\JWTToken.WebApi.csproj", "{45D7BFA9-7FC0-4703-AAEB-0B47C97FD58B}"
EndProject
Global
	GlobalSection(SolutionConfigurationPlatforms) = preSolution
		Debug|Any CPU = Debug|Any CPU
		Release|Any CPU = Release|Any CPU
	EndGlobalSection
	GlobalSection(ProjectConfigurationPlatforms) = postSolution
		{45D7BFA9-7FC0-4703-AAEB-0B47C97FD58B}.Debug|Any CPU.ActiveCfg = Debug|Any CPU
		{45D7BFA9-7FC0-4703-AAEB-0B47C97FD58B}.Debug|Any CPU.Build.0 = Debug|Any CPU
		{45D7BFA9-7FC0-4703-AAEB-0B47C97FD58B}.Release|Any CPU.ActiveCfg = Release|Any CPU
		{45D7BFA9-7FC0-4703-AAEB-0B47C97FD58B}.Release|Any CPU.Build.0 = Release|Any CPU
	EndGlobalSection
	GlobalSection(SolutionProperties) = preSolution
		HideSolutionNode = FALSE
	EndGlobalSection
	GlobalSection(ExtensibilityGlobals) = postSolution
		SolutionGuid = {B4B51656-EB95-4C74-A4C2-E34C98FBBD41}
	EndGlobalSection
EndGlobal
